
Microsoft Visual Studio Solution File, Format Version 12.00
# Visual Studio Version 16
VisualStudioVersion = 16.0.31729.503
MinimumVisualStudioVersion = 10.0.40219.1
Project("{FAE04EC0-301F-11D3-BF4B-00C04F79EFBC}") = "Lab3", "Lab3\Lab3.csproj", "{B954FDA6-64DE-458A-8372-3FB17FB8FF95}"
EndProject
Global
	GlobalSection(SolutionConfigurationPlatforms) = preSolution
		Debug|Any CPU = Debug|Any CPU
		Release|Any CPU = Release|Any CPU
	EndGlobalSection
	GlobalSection(ProjectConfigurationPlatforms) = postSolution
		{B954FDA6-64DE-458A-8372-3FB17FB8FF95}.Debug|Any CPU.ActiveCfg = Debug|Any CPU
		{B954FDA6-64DE-458A-8372-3FB17FB8FF95}.Debug|Any CPU.Build.0 = Debug|Any CPU
		{B954FDA6-64DE-458A-8372-3FB17FB8FF95}.Release|Any CPU.ActiveCfg = Release|Any CPU
		{B954FDA6-64DE-458A-8372-3FB17FB8FF95}.Release|Any CPU.Build.0 = Release|Any CPU
	EndGlobalSection
	GlobalSection(SolutionProperties) = preSolution
		HideSolutionNode = FALSE
	EndGlobalSection
	GlobalSection(ExtensibilityGlobals) = postSolution
		SolutionGuid = {B49165B2-43BB-4EEE-BEC3-DC5AB6DBFA45}
	EndGlobalSection
EndGlobal
